# This file was autogenerated by Stack.
# You should not edit this file by hand.
# For more information, please see the documentation at:
#   https://docs.haskellstack.org/en/stable/lock_files

packages: []
snapshots:
- completed:
    sha256: d133abe75e408a407cce3f032c96ac1bbadf474a93b5156ebf4135b53382d56b
    size: 683827
    url: https://raw.githubusercontent.com/commercialhaskell/stackage-snapshots/master/lts/23/18.yaml
  original: lts-23.18
