# This file was autogenerated by Stack.
# You should not edit this file by hand.
# For more information, please see the documentation at:
#   https://docs.haskellstack.org/en/stable/lock_files

packages: []
snapshots:
- completed:
    sha256: 64d66303f927e87ffe6b8ccf736229bf608731e80d7afdf62bdd63c59f857740
    size: 640037
    url: https://raw.githubusercontent.com/commercialhaskell/stackage-snapshots/master/lts/21/11.yaml
  original: lts-21.11
