{
    "_meta": {
        "hash": {
            "sha256": "4e61a4ba9e6f02f50f68627253af5ababd9b1b4c1e10294e48158e1f42c0c5a6"
        },
        "pipfile-spec": 6,
        "requires": {
            "python_version": "3"
        },
        "sources": [
            {
                "name": "pypi",
                "url": "https://pypi.org/simple",
                "verify_ssl": true
            }
        ]
    },
    "default": {},
    "develop": {}
}
